// !$*UTF8*$!
{
	archiveVersion = 1;
	classes = {
	};
	objectVersion = 55;
	objects = {

/* Begin PBXBuildFile section */
		5F70189E28C65A63006A3EA1 /* CustomerView.swift in Sources */ = {isa = PBXBuildFile; fileRef = 5F70189D28C65A63006A3EA1 /* CustomerView.swift */; };
		5F7018A028C65CAD006A3EA1 /* CustomerViewModel.swift in Sources */ = {isa = PBXBuildFile; fileRef = 5F70189F28C65CAD006A3EA1 /* CustomerViewModel.swift */; };
		5F7018A228C65D5A006A3EA1 /* apiModels.swift in Sources */ = {isa = PBXBuildFile; fileRef = 5F7018A128C65D5A006A3EA1 /* apiModels.swift */; };
		5F7018A428C6627B006A3EA1 /* CustomerDetailView.swift in Sources */ = {isa = PBXBuildFile; fileRef = 5F7018A328C6627B006A3EA1 /* CustomerDetailView.swift */; };
		5F7018A728C7C1B0006A3EA1 /* Helpers.swift in Sources */ = {isa = PBXBuildFile; fileRef = 5F7018A628C7C1B0006A3EA1 /* Helpers.swift */; };
		5F7018A928C7C3BF006A3EA1 /* ViewHelper.swift in Sources */ = {isa = PBXBuildFile; fileRef = 5F7018A828C7C3BF006A3EA1 /* ViewHelper.swift */; };
		5F7018AD28C92EB6006A3EA1 /* UnitViewModel.swift in Sources */ = {isa = PBXBuildFile; fileRef = 5F7018AC28C92EB6006A3EA1 /* UnitViewModel.swift */; };
		5F7018AF28C92EE4006A3EA1 /* UnitView.swift in Sources */ = {isa = PBXBuildFile; fileRef = 5F7018AE28C92EE4006A3EA1 /* UnitView.swift */; };
		5F7018B128C938B9006A3EA1 /* UnitDetailView.swift in Sources */ = {isa = PBXBuildFile; fileRef = 5F7018B028C938B9006A3EA1 /* UnitDetailView.swift */; };
		5FC5605828DA27AE000418B9 /* CustomerCreateView.swift in Sources */ = {isa = PBXBuildFile; fileRef = 5FC5605728DA27AD000418B9 /* CustomerCreateView.swift */; };
		5FCF75D428C282B100291170 /* RentalApp.swift in Sources */ = {isa = PBXBuildFile; fileRef = 5FCF75D328C282B100291170 /* RentalApp.swift */; };
		5FCF75D628C282B100291170 /* ContentView.swift in Sources */ = {isa = PBXBuildFile; fileRef = 5FCF75D528C282B100291170 /* ContentView.swift */; };
		5FCF75D828C282B300291170 /* Assets.xcassets in Resources */ = {isa = PBXBuildFile; fileRef = 5FCF75D728C282B300291170 /* Assets.xcassets */; };
		5FCF75DB28C282B300291170 /* Preview Assets.xcassets in Resources */ = {isa = PBXBuildFile; fileRef = 5FCF75DA28C282B300291170 /* Preview Assets.xcassets */; };
		5FCF75E728C287C700291170 /* Buttons.swift in Sources */ = {isa = PBXBuildFile; fileRef = 5FCF75E628C287C700291170 /* Buttons.swift */; };
		5FCF75E928C294D400291170 /* WebService.swift in Sources */ = {isa = PBXBuildFile; fileRef = 5FCF75E828C294D400291170 /* WebService.swift */; };
		5FCF75EB28C2965D00291170 /* LoginView.swift in Sources */ = {isa = PBXBuildFile; fileRef = 5FCF75EA28C2965D00291170 /* LoginView.swift */; };
		5FCF75ED28C2979700291170 /* LoginViewModel.swift in Sources */ = {isa = PBXBuildFile; fileRef = 5FCF75EC28C2979700291170 /* LoginViewModel.swift */; };
		5FCF75EF28C2997600291170 /* AuthenticatedView.swift in Sources */ = {isa = PBXBuildFile; fileRef = 5FCF75EE28C2997600291170 /* AuthenticatedView.swift */; };
/* End PBXBuildFile section */

/* Begin PBXFileReference section */
		5F70189D28C65A63006A3EA1 /* CustomerView.swift */ = {isa = PBXFileReference; lastKnownFileType = sourcecode.swift; path = CustomerView.swift; sourceTree = "<group>"; };
		5F70189F28C65CAD006A3EA1 /* CustomerViewModel.swift */ = {isa = PBXFileReference; lastKnownFileType = sourcecode.swift; path = CustomerViewModel.swift; sourceTree = "<group>"; };
		5F7018A128C65D5A006A3EA1 /* apiModels.swift */ = {isa = PBXFileReference; lastKnownFileType = sourcecode.swift; path = apiModels.swift; sourceTree = "<group>"; };
		5F7018A328C6627B006A3EA1 /* CustomerDetailView.swift */ = {isa = PBXFileReference; lastKnownFileType = sourcecode.swift; path = CustomerDetailView.swift; sourceTree = "<group>"; };
		5F7018A628C7C1B0006A3EA1 /* Helpers.swift */ = {isa = PBXFileReference; lastKnownFileType = sourcecode.swift; path = Helpers.swift; sourceTree = "<group>"; };
		5F7018A828C7C3BF006A3EA1 /* ViewHelper.swift */ = {isa = PBXFileReference; lastKnownFileType = sourcecode.swift; path = ViewHelper.swift; sourceTree = "<group>"; };
		5F7018AC28C92EB6006A3EA1 /* UnitViewModel.swift */ = {isa = PBXFileReference; lastKnownFileType = sourcecode.swift; path = UnitViewModel.swift; sourceTree = "<group>"; };
		5F7018AE28C92EE4006A3EA1 /* UnitView.swift */ = {isa = PBXFileReference; lastKnownFileType = sourcecode.swift; path = UnitView.swift; sourceTree = "<group>"; };
		5F7018B028C938B9006A3EA1 /* UnitDetailView.swift */ = {isa = PBXFileReference; lastKnownFileType = sourcecode.swift; path = UnitDetailView.swift; sourceTree = "<group>"; };
		5FC5605728DA27AD000418B9 /* CustomerCreateView.swift */ = {isa = PBXFileReference; lastKnownFileType = sourcecode.swift; path = CustomerCreateView.swift; sourceTree = "<group>"; };
		5FCF75D028C282B100291170 /* Rental.app */ = {isa = PBXFileReference; explicitFileType = wrapper.application; includeInIndex = 0; path = Rental.app; sourceTree = BUILT_PRODUCTS_DIR; };
		5FCF75D328C282B100291170 /* RentalApp.swift */ = {isa = PBXFileReference; lastKnownFileType = sourcecode.swift; path = RentalApp.swift; sourceTree = "<group>"; };
		5FCF75D528C282B100291170 /* ContentView.swift */ = {isa = PBXFileReference; lastKnownFileType = sourcecode.swift; path = ContentView.swift; sourceTree = "<group>"; };
		5FCF75D728C282B300291170 /* Assets.xcassets */ = {isa = PBXFileReference; lastKnownFileType = folder.assetcatalog; path = Assets.xcassets; sourceTree = "<group>"; };
		5FCF75DA28C282B300291170 /* Preview Assets.xcassets */ = {isa = PBXFileReference; lastKnownFileType = folder.assetcatalog; path = "Preview Assets.xcassets"; sourceTree = "<group>"; };
		5FCF75E628C287C700291170 /* Buttons.swift */ = {isa = PBXFileReference; lastKnownFileType = sourcecode.swift; path = Buttons.swift; sourceTree = "<group>"; };
		5FCF75E828C294D400291170 /* WebService.swift */ = {isa = PBXFileReference; lastKnownFileType = sourcecode.swift; path = WebService.swift; sourceTree = "<group>"; };
		5FCF75EA28C2965D00291170 /* LoginView.swift */ = {isa = PBXFileReference; lastKnownFileType = sourcecode.swift; path = LoginView.swift; sourceTree = "<group>"; };
		5FCF75EC28C2979700291170 /* LoginViewModel.swift */ = {isa = PBXFileReference; lastKnownFileType = sourcecode.swift; path = LoginViewModel.swift; sourceTree = "<group>"; };
		5FCF75EE28C2997600291170 /* AuthenticatedView.swift */ = {isa = PBXFileReference; lastKnownFileType = sourcecode.swift; path = AuthenticatedView.swift; sourceTree = "<group>"; };
/* End PBXFileReference section */

/* Begin PBXFrameworksBuildPhase section */
		5FCF75CD28C282B100291170 /* Frameworks */ = {
			isa = PBXFrameworksBuildPhase;
			buildActionMask = 2147483647;
			files = (
			);
			runOnlyForDeploymentPostprocessing = 0;
		};
/* End PBXFrameworksBuildPhase section */

/* Begin PBXGroup section */
		5F7018A528C7C18B006A3EA1 /* Helpers */ = {
			isa = PBXGroup;
			children = (
				5F7018A628C7C1B0006A3EA1 /* Helpers.swift */,
				5F7018A828C7C3BF006A3EA1 /* ViewHelper.swift */,
			);
			path = Helpers;
			sourceTree = "<group>";
		};
		5FCF75C728C282B100291170 = {
			isa = PBXGroup;
			children = (
				5FCF75D228C282B100291170 /* Rental */,
				5FCF75D128C282B100291170 /* Products */,
			);
			sourceTree = "<group>";
		};
		5FCF75D128C282B100291170 /* Products */ = {
			isa = PBXGroup;
			children = (
				5FCF75D028C282B100291170 /* Rental.app */,
			);
			name = Products;
			sourceTree = "<group>";
		};
		5FCF75D228C282B100291170 /* Rental */ = {
			isa = PBXGroup;
			children = (
				5F7018A528C7C18B006A3EA1 /* Helpers */,
				5FCF75D328C282B100291170 /* RentalApp.swift */,
				5FCF75E228C283B000291170 /* Models */,
				5FCF75E328C283BC00291170 /* ViewModels */,
				5FCF75E128C283A500291170 /* Views */,
				5FCF75E428C283CC00291170 /* Services */,
				5FCF75D728C282B300291170 /* Assets.xcassets */,
				5FCF75D928C282B300291170 /* Preview Content */,
			);
			path = Rental;
			sourceTree = "<group>";
		};
		5FCF75D928C282B300291170 /* Preview Content */ = {
			isa = PBXGroup;
			children = (
				5FCF75DA28C282B300291170 /* Preview Assets.xcassets */,
			);
			path = "Preview Content";
			sourceTree = "<group>";
		};
		5FCF75E128C283A500291170 /* Views */ = {
			isa = PBXGroup;
			children = (
				5FCF75E628C287C700291170 /* Buttons.swift */,
				5FCF75D528C282B100291170 /* ContentView.swift */,
				5FCF75EA28C2965D00291170 /* LoginView.swift */,
				5FCF75EE28C2997600291170 /* AuthenticatedView.swift */,
				5F70189D28C65A63006A3EA1 /* CustomerView.swift */,
				5F7018A328C6627B006A3EA1 /* CustomerDetailView.swift */,
				5F7018AE28C92EE4006A3EA1 /* UnitView.swift */,
				5F7018B028C938B9006A3EA1 /* UnitDetailView.swift */,
				5FC5605728DA27AD000418B9 /* CustomerCreateView.swift */,
			);
			path = Views;
			sourceTree = "<group>";
		};
		5FCF75E228C283B000291170 /* Models */ = {
			isa = PBXGroup;
			children = (
				5F7018A128C65D5A006A3EA1 /* apiModels.swift */,
			);
			path = Models;
			sourceTree = "<group>";
		};
		5FCF75E328C283BC00291170 /* ViewModels */ = {
			isa = PBXGroup;
			children = (
				5FCF75EC28C2979700291170 /* LoginViewModel.swift */,
				5F70189F28C65CAD006A3EA1 /* CustomerViewModel.swift */,
				5F7018AC28C92EB6006A3EA1 /* UnitViewModel.swift */,
			);
			path = ViewModels;
			sourceTree = "<group>";
		};
		5FCF75E428C283CC00291170 /* Services */ = {
			isa = PBXGroup;
			children = (
				5FCF75E828C294D400291170 /* WebService.swift */,
			);
			path = Services;
			sourceTree = "<group>";
		};
/* End PBXGroup section */

/* Begin PBXNativeTarget section */
		5FCF75CF28C282B100291170 /* Rental */ = {
			isa = PBXNativeTarget;
			buildConfigurationList = 5FCF75DE28C282B300291170 /* Build configuration list for PBXNativeTarget "Rental" */;
			buildPhases = (
				5FCF75CC28C282B100291170 /* Sources */,
				5FCF75CD28C282B100291170 /* Frameworks */,
				5FCF75CE28C282B100291170 /* Resources */,
			);
			buildRules = (
			);
			dependencies = (
			);
			name = Rental;
			productName = Rental;
			productReference = 5FCF75D028C282B100291170 /* Rental.app */;
			productType = "com.apple.product-type.application";
		};
/* End PBXNativeTarget section */

/* Begin PBXProject section */
		5FCF75C828C282B100291170 /* Project object */ = {
			isa = PBXProject;
			attributes = {
				BuildIndependentTargetsInParallel = 1;
				LastSwiftUpdateCheck = 1340;
				LastUpgradeCheck = 1340;
				TargetAttributes = {
					5FCF75CF28C282B100291170 = {
						CreatedOnToolsVersion = 13.4.1;
					};
				};
			};
			buildConfigurationList = 5FCF75CB28C282B100291170 /* Build configuration list for PBXProject "Rental" */;
			compatibilityVersion = "Xcode 13.0";
			developmentRegion = en;
			hasScannedForEncodings = 0;
			knownRegions = (
				en,
				Base,
			);
			mainGroup = 5FCF75C728C282B100291170;
			productRefGroup = 5FCF75D128C282B100291170 /* Products */;
			projectDirPath = "";
			projectRoot = "";
			targets = (
				5FCF75CF28C282B100291170 /* Rental */,
			);
		};
/* End PBXProject section */

/* Begin PBXResourcesBuildPhase section */
		5FCF75CE28C282B100291170 /* Resources */ = {
			isa = PBXResourcesBuildPhase;
			buildActionMask = 2147483647;
			files = (
				5FCF75DB28C282B300291170 /* Preview Assets.xcassets in Resources */,
				5FCF75D828C282B300291170 /* Assets.xcassets in Resources */,
			);
			runOnlyForDeploymentPostprocessing = 0;
		};
/* End PBXResourcesBuildPhase section */

/* Begin PBXSourcesBuildPhase section */
		5FCF75CC28C282B100291170 /* Sources */ = {
			isa = PBXSourcesBuildPhase;
			buildActionMask = 2147483647;
			files = (
				5FCF75E728C287C700291170 /* Buttons.swift in Sources */,
				5FCF75D628C282B100291170 /* ContentView.swift in Sources */,
				5FC5605828DA27AE000418B9 /* CustomerCreateView.swift in Sources */,
				5F70189E28C65A63006A3EA1 /* CustomerView.swift in Sources */,
				5FCF75ED28C2979700291170 /* LoginViewModel.swift in Sources */,
				5F7018AD28C92EB6006A3EA1 /* UnitViewModel.swift in Sources */,
				5F7018A428C6627B006A3EA1 /* CustomerDetailView.swift in Sources */,
				5FCF75EF28C2997600291170 /* AuthenticatedView.swift in Sources */,
				5F7018A928C7C3BF006A3EA1 /* ViewHelper.swift in Sources */,
				5F7018A028C65CAD006A3EA1 /* CustomerViewModel.swift in Sources */,
				5F7018A728C7C1B0006A3EA1 /* Helpers.swift in Sources */,
				5F7018A228C65D5A006A3EA1 /* apiModels.swift in Sources */,
				5FCF75E928C294D400291170 /* WebService.swift in Sources */,
				5F7018AF28C92EE4006A3EA1 /* UnitView.swift in Sources */,
				5F7018B128C938B9006A3EA1 /* UnitDetailView.swift in Sources */,
				5FCF75EB28C2965D00291170 /* LoginView.swift in Sources */,
				5FCF75D428C282B100291170 /* RentalApp.swift in Sources */,
			);
			runOnlyForDeploymentPostprocessing = 0;
		};
/* End PBXSourcesBuildPhase section */

/* Begin XCBuildConfiguration section */
		5FCF75DC28C282B300291170 /* Debug */ = {
			isa = XCBuildConfiguration;
			buildSettings = {
				ALWAYS_SEARCH_USER_PATHS = NO;
				CLANG_ANALYZER_NONNULL = YES;
				CLANG_ANALYZER_NUMBER_OBJECT_CONVERSION = YES_AGGRESSIVE;
				CLANG_CXX_LANGUAGE_STANDARD = "gnu++17";
				CLANG_ENABLE_MODULES = YES;
				CLANG_ENABLE_OBJC_ARC = YES;
				CLANG_ENABLE_OBJC_WEAK = YES;
				CLANG_WARN_BLOCK_CAPTURE_AUTORELEASING = YES;
				CLANG_WARN_BOOL_CONVERSION = YES;
				CLANG_WARN_COMMA = YES;
				CLANG_WARN_CONSTANT_CONVERSION = YES;
				CLANG_WARN_DEPRECATED_OBJC_IMPLEMENTATIONS = YES;
				CLANG_WARN_DIRECT_OBJC_ISA_USAGE = YES_ERROR;
				CLANG_WARN_DOCUMENTATION_COMMENTS = YES;
				CLANG_WARN_EMPTY_BODY = YES;
				CLANG_WARN_ENUM_CONVERSION = YES;
				CLANG_WARN_INFINITE_RECURSION = YES;
				CLANG_WARN_INT_CONVERSION = YES;
				CLANG_WARN_NON_LITERAL_NULL_CONVERSION = YES;
				CLANG_WARN_OBJC_IMPLICIT_RETAIN_SELF = YES;
				CLANG_WARN_OBJC_LITERAL_CONVERSION = YES;
				CLANG_WARN_OBJC_ROOT_CLASS = YES_ERROR;
				CLANG_WARN_QUOTED_INCLUDE_IN_FRAMEWORK_HEADER = YES;
				CLANG_WARN_RANGE_LOOP_ANALYSIS = YES;
				CLANG_WARN_STRICT_PROTOTYPES = YES;
				CLANG_WARN_SUSPICIOUS_MOVE = YES;
				CLANG_WARN_UNGUARDED_AVAILABILITY = YES_AGGRESSIVE;
				CLANG_WARN_UNREACHABLE_CODE = YES;
				CLANG_WARN__DUPLICATE_METHOD_MATCH = YES;
				COPY_PHASE_STRIP = NO;
				DEBUG_INFORMATION_FORMAT = dwarf;
				ENABLE_STRICT_OBJC_MSGSEND = YES;
				ENABLE_TESTABILITY = YES;
				GCC_C_LANGUAGE_STANDARD = gnu11;
				GCC_DYNAMIC_NO_PIC = NO;
				GCC_NO_COMMON_BLOCKS = YES;
				GCC_OPTIMIZATION_LEVEL = 0;
				GCC_PREPROCESSOR_DEFINITIONS = (
					"DEBUG=1",
					"$(inherited)",
				);
				GCC_WARN_64_TO_32_BIT_CONVERSION = YES;
				GCC_WARN_ABOUT_RETURN_TYPE = YES_ERROR;
				GCC_WARN_UNDECLARED_SELECTOR = YES;
				GCC_WARN_UNINITIALIZED_AUTOS = YES_AGGRESSIVE;
				GCC_WARN_UNUSED_FUNCTION = YES;
				GCC_WARN_UNUSED_VARIABLE = YES;
				IPHONEOS_DEPLOYMENT_TARGET = 15.5;
				MTL_ENABLE_DEBUG_INFO = INCLUDE_SOURCE;
				MTL_FAST_MATH = YES;
				ONLY_ACTIVE_ARCH = YES;
				SDKROOT = iphoneos;
				SWIFT_ACTIVE_COMPILATION_CONDITIONS = DEBUG;
				SWIFT_OPTIMIZATION_LEVEL = "-Onone";
			};
			name = Debug;
		};
		5FCF75DD28C282B300291170 /* Release */ = {
			isa = XCBuildConfiguration;
			buildSettings = {
				ALWAYS_SEARCH_USER_PATHS = NO;
				CLANG_ANALYZER_NONNULL = YES;
				CLANG_ANALYZER_NUMBER_OBJECT_CONVERSION = YES_AGGRESSIVE;
				CLANG_CXX_LANGUAGE_STANDARD = "gnu++17";
				CLANG_ENABLE_MODULES = YES;
				CLANG_ENABLE_OBJC_ARC = YES;
				CLANG_ENABLE_OBJC_WEAK = YES;
				CLANG_WARN_BLOCK_CAPTURE_AUTORELEASING = YES;
				CLANG_WARN_BOOL_CONVERSION = YES;
				CLANG_WARN_COMMA = YES;
				CLANG_WARN_CONSTANT_CONVERSION = YES;
				CLANG_WARN_DEPRECATED_OBJC_IMPLEMENTATIONS = YES;
				CLANG_WARN_DIRECT_OBJC_ISA_USAGE = YES_ERROR;
				CLANG_WARN_DOCUMENTATION_COMMENTS = YES;
				CLANG_WARN_EMPTY_BODY = YES;
				CLANG_WARN_ENUM_CONVERSION = YES;
				CLANG_WARN_INFINITE_RECURSION = YES;
				CLANG_WARN_INT_CONVERSION = YES;
				CLANG_WARN_NON_LITERAL_NULL_CONVERSION = YES;
				CLANG_WARN_OBJC_IMPLICIT_RETAIN_SELF = YES;
				CLANG_WARN_OBJC_LITERAL_CONVERSION = YES;
				CLANG_WARN_OBJC_ROOT_CLASS = YES_ERROR;
				CLANG_WARN_QUOTED_INCLUDE_IN_FRAMEWORK_HEADER = YES;
				CLANG_WARN_RANGE_LOOP_ANALYSIS = YES;
				CLANG_WARN_STRICT_PROTOTYPES = YES;
				CLANG_WARN_SUSPICIOUS_MOVE = YES;
				CLANG_WARN_UNGUARDED_AVAILABILITY = YES_AGGRESSIVE;
				CLANG_WARN_UNREACHABLE_CODE = YES;
				CLANG_WARN__DUPLICATE_METHOD_MATCH = YES;
				COPY_PHASE_STRIP = NO;
				DEBUG_INFORMATION_FORMAT = "dwarf-with-dsym";
				ENABLE_NS_ASSERTIONS = NO;
				ENABLE_STRICT_OBJC_MSGSEND = YES;
				GCC_C_LANGUAGE_STANDARD = gnu11;
				GCC_NO_COMMON_BLOCKS = YES;
				GCC_WARN_64_TO_32_BIT_CONVERSION = YES;
				GCC_WARN_ABOUT_RETURN_TYPE = YES_ERROR;
				GCC_WARN_UNDECLARED_SELECTOR = YES;
				GCC_WARN_UNINITIALIZED_AUTOS = YES_AGGRESSIVE;
				GCC_WARN_UNUSED_FUNCTION = YES;
				GCC_WARN_UNUSED_VARIABLE = YES;
				IPHONEOS_DEPLOYMENT_TARGET = 15.5;
				MTL_ENABLE_DEBUG_INFO = NO;
				MTL_FAST_MATH = YES;
				SDKROOT = iphoneos;
				SWIFT_COMPILATION_MODE = wholemodule;
				SWIFT_OPTIMIZATION_LEVEL = "-O";
				VALIDATE_PRODUCT = YES;
			};
			name = Release;
		};
		5FCF75DF28C282B300291170 /* Debug */ = {
			isa = XCBuildConfiguration;
			buildSettings = {
				ASSETCATALOG_COMPILER_APPICON_NAME = AppIcon;
				ASSETCATALOG_COMPILER_GLOBAL_ACCENT_COLOR_NAME = AccentColor;
				CODE_SIGN_STYLE = Automatic;
				CURRENT_PROJECT_VERSION = 1;
				DEVELOPMENT_ASSET_PATHS = "\"Rental/Preview Content\"";
				DEVELOPMENT_TEAM = RKW638G357;
				ENABLE_PREVIEWS = YES;
				GENERATE_INFOPLIST_FILE = YES;
				INFOPLIST_KEY_UIApplicationSceneManifest_Generation = YES;
				INFOPLIST_KEY_UIApplicationSupportsIndirectInputEvents = YES;
				INFOPLIST_KEY_UILaunchScreen_Generation = YES;
				INFOPLIST_KEY_UISupportedInterfaceOrientations_iPad = "UIInterfaceOrientationPortrait UIInterfaceOrientationPortraitUpsideDown UIInterfaceOrientationLandscapeLeft UIInterfaceOrientationLandscapeRight";
				INFOPLIST_KEY_UISupportedInterfaceOrientations_iPhone = "UIInterfaceOrientationPortrait UIInterfaceOrientationLandscapeLeft UIInterfaceOrientationLandscapeRight";
				LD_RUNPATH_SEARCH_PATHS = (
					"$(inherited)",
					"@executable_path/Frameworks",
				);
				MARKETING_VERSION = 1.0;
				PRODUCT_BUNDLE_IDENTIFIER = com.machdata.Rental;
				PRODUCT_NAME = "$(TARGET_NAME)";
				SWIFT_EMIT_LOC_STRINGS = YES;
				SWIFT_VERSION = 5.0;
				TARGETED_DEVICE_FAMILY = "1,2";
			};
			name = Debug;
		};
		5FCF75E028C282B300291170 /* Release */ = {
			isa = XCBuildConfiguration;
			buildSettings = {
				ASSETCATALOG_COMPILER_APPICON_NAME = AppIcon;
				ASSETCATALOG_COMPILER_GLOBAL_ACCENT_COLOR_NAME = AccentColor;
				CODE_SIGN_STYLE = Automatic;
				CURRENT_PROJECT_VERSION = 1;
				DEVELOPMENT_ASSET_PATHS = "\"Rental/Preview Content\"";
				DEVELOPMENT_TEAM = RKW638G357;
				ENABLE_PREVIEWS = YES;
				GENERATE_INFOPLIST_FILE = YES;
				INFOPLIST_KEY_UIApplicationSceneManifest_Generation = YES;
				INFOPLIST_KEY_UIApplicationSupportsIndirectInputEvents = YES;
				INFOPLIST_KEY_UILaunchScreen_Generation = YES;
				INFOPLIST_KEY_UISupportedInterfaceOrientations_iPad = "UIInterfaceOrientationPortrait UIInterfaceOrientationPortraitUpsideDown UIInterfaceOrientationLandscapeLeft UIInterfaceOrientationLandscapeRight";
				INFOPLIST_KEY_UISupportedInterfaceOrientations_iPhone = "UIInterfaceOrientationPortrait UIInterfaceOrientationLandscapeLeft UIInterfaceOrientationLandscapeRight";
				LD_RUNPATH_SEARCH_PATHS = (
					"$(inherited)",
					"@executable_path/Frameworks",
				);
				MARKETING_VERSION = 1.0;
				PRODUCT_BUNDLE_IDENTIFIER = com.machdata.Rental;
				PRODUCT_NAME = "$(TARGET_NAME)";
				SWIFT_EMIT_LOC_STRINGS = YES;
				SWIFT_VERSION = 5.0;
				TARGETED_DEVICE_FAMILY = "1,2";
			};
			name = Release;
		};
/* End XCBuildConfiguration section */

/* Begin XCConfigurationList section */
		5FCF75CB28C282B100291170 /* Build configuration list for PBXProject "Rental" */ = {
			isa = XCConfigurationList;
			buildConfigurations = (
				5FCF75DC28C282B300291170 /* Debug */,
				5FCF75DD28C282B300291170 /* Release */,
			);
			defaultConfigurationIsVisible = 0;
			defaultConfigurationName = Release;
		};
		5FCF75DE28C282B300291170 /* Build configuration list for PBXNativeTarget "Rental" */ = {
			isa = XCConfigurationList;
			buildConfigurations = (
				5FCF75DF28C282B300291170 /* Debug */,
				5FCF75E028C282B300291170 /* Release */,
			);
			defaultConfigurationIsVisible = 0;
			defaultConfigurationName = Release;
		};
/* End XCConfigurationList section */
	};
	rootObject = 5FCF75C828C282B100291170 /* Project object */;
}
